# Hash-pinned resolved stack for Linux CPython 3.12 (tested Airflow 3.3.2).
# 130 pins; regenerate with scripts/build_requirements_lock.py --python <venv>/bin/python --pins requirements.lock --output requirements.lock
# Install with: pip install --require-hashes --only-binary=:all: -r requirements.lock
a2wsgi==1.10.10 --hash=sha256:d2b21379479718539dc15fce53b876251a0efe7615352dfe49f6ad1bc507848d  # a2wsgi-1.10.10-py3-none-any.whl
aiosmtplib==5.1.3 --hash=sha256:f7d76ce3d4995a65a178c1f11e1bd1607706b921d00cb768e7a2c7f7ef5517a8  # aiosmtplib-5.1.3-py3-none-any.whl
aiosqlite==0.22.1 --hash=sha256:21c002eb13823fad740196c5a2e9d8e62f6243bd9e7e4a1f87fb5e44ecb4fceb  # aiosqlite-0.22.1-py3-none-any.whl
alembic==1.20.0 --hash=sha256:77eb101048d95f982c0353e9233404889dcd7a6fc244c107836c0e2fc9cf7d9d  # alembic-1.20.0-py3-none-any.whl
annotated-doc==0.0.5 --hash=sha256:117bac03a25ede5df5440e855b32d556049ca169ead221505badf432fed4b101  # annotated_doc-0.0.5-py3-none-any.whl
annotated-types==0.8.0 --hash=sha256:f072f4d804ea359e4eaf198b1af7a8b0943881a87f31bb764f8bf219bb9419e0  # annotated_types-0.8.0-py3-none-any.whl
anyio==4.15.1 --hash=sha256:6152fdbbf9a77fdec97731721bebf7c4c44f7c29b424b0065826173efc7ed101  # anyio-4.15.1-py3-none-any.whl
apache-airflow==3.3.2 --hash=sha256:c1fd40a00cfc50e7ef8d0aa07a1418b059f22db03ad25c2793bb030b176dc085  # apache_airflow-3.3.2-py3-none-any.whl
apache-airflow-core==3.3.2 --hash=sha256:99258922bccec15be4700ff89f3c942b8acd93407e263c287ce863e671bb3c50  # apache_airflow_core-3.3.2-py3-none-any.whl
apache-airflow-providers-common-compat==1.19.0 --hash=sha256:72f03811f5e7cd219939e1c0f2a33ac5bb8538898b0c61adaadc5c9e8acb8a91  # apache_airflow_providers_common_compat-1.19.0-py3-none-any.whl
apache-airflow-providers-common-io==1.9.0 --hash=sha256:72a08ca52109fb0f769fa2fb2630d66f0452226c164285e2ee3168adf45ddcf6  # apache_airflow_providers_common_io-1.9.0-py3-none-any.whl
apache-airflow-providers-common-sql==2.1.1 --hash=sha256:44c64f20f72b2719d5173f8de5b06ac450dd3bfff28ddc4552be4feebc0c53f0  # apache_airflow_providers_common_sql-2.1.1-py3-none-any.whl
apache-airflow-providers-smtp==3.0.4 --hash=sha256:af18419fea297b50bead38581fbd2d44927624cb963ee05b03dd25c5f733639f  # apache_airflow_providers_smtp-3.0.4-py3-none-any.whl
apache-airflow-providers-standard==1.19.0 --hash=sha256:d5b3d8877bb7d644d25578483f420ca04fbf76eef56bf86c655321f18a7c9325  # apache_airflow_providers_standard-1.19.0-py3-none-any.whl
apache-airflow-task-sdk==1.3.2 --hash=sha256:5ff196842b7bc203e13332592ab78ed82cfa1225368a16bb91bf9d5705c62293  # apache_airflow_task_sdk-1.3.2-py3-none-any.whl
argcomplete==3.7.2 --hash=sha256:6029205678bdd9c1c728a155f5f9ecf5812393f969eef58807641a2bc2aa5b19  # argcomplete-3.7.2-py3-none-any.whl
arrow==1.4.0 --hash=sha256:749f0769958ebdc79c173ff0b0670d59051a535fa26e8eba02953dc19eb43205  # arrow-1.4.0-py3-none-any.whl
asgiref==3.12.1 --hash=sha256:fe386d1c2bff7259ea95929266d12a8cf9a8b5a1c2598402967d8792e7a7c094  # asgiref-3.12.1-py3-none-any.whl
asyncpg==0.31.0 --hash=sha256:aad7a33913fb8bcb5454313377cc330fbb19a0cd5faa7272407d8a0c4257b671  # asyncpg-0.31.0-cp312-cp312-manylinux_2_28_x86_64.whl
attrs==26.1.0 --hash=sha256:c647aa4a12dfbad9333ca4e71fe62ddc36f4e63b2d260a37a8b83d2f043ac309  # attrs-26.1.0-py3-none-any.whl
babel==2.18.0 --hash=sha256:e2b422b277c2b9a9630c1d7903c2a00d0830c409c59ac8cae9081c92f1aeba35  # babel-2.18.0-py3-none-any.whl
cachetools==7.1.8 --hash=sha256:a81e3844acaa7355b6567f97bd67a94a14ec3a9bc2cbbdae45b9592cc036775b  # cachetools-7.1.8-py3-none-any.whl
cadwyn==7.0.0 --hash=sha256:727d3c444ae992bb2a238246d13f173e4802c92e1c901458975549e6f0522560  # cadwyn-7.0.0-py3-none-any.whl
certifi==2026.7.22 --hash=sha256:62f22742b58a1a33014a2b6b706588a8d7e2a88ae7bd1a6ebe8c992928483775  # certifi-2026.7.22-py3-none-any.whl
cffi==2.1.1 --hash=sha256:c1453022f490d2459a11819d83ad1d586e9ff65a12ac3e705ffebd46d3685dcf  # cffi-2.1.1-cp312-cp312-manylinux2014_x86_64.manylinux_2_17_x86_64.whl
charset-normalizer==3.5.1 --hash=sha256:b9af956078716df40d985fb0dfeb2c2120c5ca92ba4ff4b388acfd01cdc14d08  # charset_normalizer-3.5.1-cp312-cp312-manylinux2014_x86_64.manylinux_2_17_x86_64.manylinux_2_28_x86_64.whl
click==8.5.0 --hash=sha256:255bc9599cf7748b4b1a446ccc735421bd08a2ae529a8b88597d3de5664ee360  # click-8.5.0-py3-none-any.whl
colorlog==6.12.0 --hash=sha256:30d392604e9110045a2c2aeefc27d7a017abbab63f3a8aee594eac0801df784e  # colorlog-6.12.0-py3-none-any.whl
cron_descriptor==2.1.0 --hash=sha256:e280efae0e375e2cbc62846f833888f12c7921d2d11ab0dca598f94c51af8639  # cron_descriptor-2.1.0-py3-none-any.whl
croniter==6.2.4 --hash=sha256:8ef3d544107a5c05a150a2d78f8bf5a8eb9c5c4d93405a736b824109574e3f4d  # croniter-6.2.4-py3-none-any.whl
cryptography==50.0.1 --hash=sha256:51afcfceb15597cf2635068e4ac9a56b2abde622edde17f37d85fd7b5306497a  # cryptography-50.0.1-cp311-abi3-manylinux_2_34_x86_64.whl
Deprecated==1.3.1 --hash=sha256:597bfef186b6f60181535a29fbe44865ce137a5079f295b479886c82729d5f3f  # deprecated-1.3.1-py2.py3-none-any.whl
dill==0.4.1 --hash=sha256:1e1ce33e978ae97fcfcff5638477032b801c46c7c65cf717f95fbc2248f79a9d  # dill-0.4.1-py3-none-any.whl
dnspython==2.8.0 --hash=sha256:01d9bbc4a2d76bf0db7c1f729812ded6d912bd318d3b1cf81d30c0f845dbf3af  # dnspython-2.8.0-py3-none-any.whl
email-validator==2.3.0 --hash=sha256:80f13f623413e6b197ae73bb10bf4eb0908faf509ad8362c5edeb0be7fd450b4  # email_validator-2.3.0-py3-none-any.whl
fastapi==0.136.3 --hash=sha256:3d2a69bdf04b7e9f3afa292c3bc7a98816bbfafa10bc9b45f3f3700d2f761620  # fastapi-0.136.3-py3-none-any.whl
fastapi-cli==0.0.32 --hash=sha256:8dcc286fa32f01bbd3f65dd09cfd5a2540ed5f2230b77db7fd30978d6165f3c4  # fastapi_cli-0.0.32-py3-none-any.whl
fsspec==2026.7.0 --hash=sha256:b57ddbafedfaef7018c1ecab32aa200a9d7ca26b77965f64e48b70061249d279  # fsspec-2026.7.0-py3-none-any.whl
googleapis-common-protos==1.75.3 --hash=sha256:a018d2bf098ca9fb6faa08d5bb780e2a2c2f73c566f069761331386c9596d3f2  # googleapis_common_protos-1.75.3-py3-none-any.whl
greenback==1.3.0 --hash=sha256:b0a333a35b40f422981ebdeefc7e0a00568f2ac634604d0108cc8c30da9b6252  # greenback-1.3.0-py3-none-any.whl
greenlet==3.5.5 --hash=sha256:147b25a42e5ca5be3d42356e8f608b37af715a1c196e9bf9d1627f3341adfe1d  # greenlet-3.5.5-cp312-cp312-manylinux_2_24_x86_64.manylinux_2_28_x86_64.whl
grpcio==1.83.1 --hash=sha256:72578aa07a4008f17521ef52debcc3acfd1e2c5426243bc3ffb56a38bfe610b7  # grpcio-1.83.1-cp312-cp312-manylinux2014_x86_64.manylinux_2_17_x86_64.whl
h11==0.16.0 --hash=sha256:63cf8bbe7522de3bf65932fda1d9c2772064ffb3dae62d55932da54b31cb6c86  # h11-0.16.0-py3-none-any.whl
httpcore==1.0.9 --hash=sha256:2d400746a40668fc9dec9810239072b40b4484b640a8c38fd654a024c7a1bf55  # httpcore-1.0.9-py3-none-any.whl
httptools==0.8.0 --hash=sha256:b15fc622b0f869d19207c4089a501d9bcc63ca5e071ffdd2f03f922df882dcb2  # httptools-0.8.0-cp312-cp312-manylinux1_x86_64.manylinux_2_28_x86_64.manylinux_2_5_x86_64.whl
httpx==0.28.1 --hash=sha256:d909fcccc110f8c7faf814ca82a9a4d816bc5a6dbfea25d6591d6985b8ba59ad  # httpx-0.28.1-py3-none-any.whl
idna==3.19 --hash=sha256:815e7be7a7806d54abb586dc943addc79e8b2ee16915059658cbeff4b1b43bf4  # idna-3.19-py3-none-any.whl
importlib_metadata==8.9.0 --hash=sha256:e0f761b6ea91ced3b0844c14c9d955224d538105921f8e6754c00f6ca79fba7f  # importlib_metadata-8.9.0-py3-none-any.whl
isoduration==20.11.0 --hash=sha256:b2904c2a4228c3d44f409c8ae8e2370eb21a26f7ac2ec5446df141dde3452042  # isoduration-20.11.0-py3-none-any.whl
itsdangerous==2.2.0 --hash=sha256:c6242fc49e35958c8b15141343aa660db5fc54d4f13a1db01a3f5891b98700ef  # itsdangerous-2.2.0-py3-none-any.whl
Jinja2==3.1.6 --hash=sha256:85ece4451f492d0c13c5dd7c13a64681a86afae63a5f347908daf103ce6d2f67  # jinja2-3.1.6-py3-none-any.whl
jsonschema==4.26.0 --hash=sha256:d489f15263b8d200f8387e64b4c3a75f06629559fb73deb8fdfb525f2dab50ce  # jsonschema-4.26.0-py3-none-any.whl
jsonschema-specifications==2025.9.1 --hash=sha256:98802fee3a11ee76ecaca44429fda8a41bff98b00a0f2838151b113f210cc6fe  # jsonschema_specifications-2025.9.1-py3-none-any.whl
lazy-object-proxy==1.12.0 --hash=sha256:4ab2c584e3cc8be0dfca422e05ad30a9abe3555ce63e9ab7a559f62f8dbc6ff9  # lazy_object_proxy-1.12.0-cp312-cp312-manylinux1_x86_64.manylinux_2_28_x86_64.manylinux_2_5_x86_64.whl
libcst==1.9.0 --hash=sha256:8d731abe1307720ea1a52d447555e8443a6d130e0e520243c0634a58f6edbc9d  # libcst-1.9.0-cp312-cp312-manylinux_2_28_x86_64.whl
linkify-it-py==2.2.0 --hash=sha256:3adc40eb5af300b2605fcfdb968c24e1d780a90f1f2221af7c15e5111e94d443  # linkify_it_py-2.2.0-py3-none-any.whl
lockfile==0.12.2 --hash=sha256:6c3cb24f344923d30b2785d5ad75182c8ea7ac1b6171b08657258ec7429d50fa  # lockfile-0.12.2-py2.py3-none-any.whl
Mako==1.4.1 --hash=sha256:a359d9a94a541213958742b2698d0a7757bb83551767bc468a74b9905aba9617  # mako-1.4.1-py3-none-any.whl
markdown-it-py==4.2.0 --hash=sha256:9f7ebbcd14fe59494226453aed97c1070d83f8d24b6fc3a3bcf9a38092641c4a  # markdown_it_py-4.2.0-py3-none-any.whl
MarkupSafe==3.0.3 --hash=sha256:d6dd0be5b5b189d31db7cda48b91d7e0a9795f31430b7f271219ab30f1d3ac9d  # markupsafe-3.0.3-cp312-cp312-manylinux2014_x86_64.manylinux_2_17_x86_64.manylinux_2_28_x86_64.whl
mdurl==0.1.2 --hash=sha256:84008a41e51615a49fc9966191ff91509e3c40b939176e643fd50a5c2196b8f8  # mdurl-0.1.2-py3-none-any.whl
methodtools==0.4.7 --hash=sha256:5e188c780b236adc12e75b5f078c5afb419ef99eb648569fc6d7071f053a1f11  # methodtools-0.4.7-py2.py3-none-any.whl
more-itertools==11.1.0 --hash=sha256:4b65538ae22f6fed0ce4874efd317463a7489796a0939fa66824dd542125a192  # more_itertools-11.1.0-py3-none-any.whl
msgspec==0.21.1 --hash=sha256:21995e74b5c598c2e004110ad66ec7f1b8c20bf2bcf3b2de8fd9a3094422d3ff  # msgspec-0.21.1-cp312-cp312-manylinux2014_x86_64.manylinux_2_17_x86_64.manylinux_2_28_x86_64.whl
natsort==8.4.0 --hash=sha256:4732914fb471f56b5cce04d7bae6f164a592c7712e1c85f9ef585e197299521c  # natsort-8.4.0-py3-none-any.whl
numpy==2.5.3 --hash=sha256:b7e18c623bb5c95acb3b3328861272816ba199fb531921c5d6d0b675f1fde9e3  # numpy-2.5.3-cp312-cp312-manylinux_2_27_x86_64.manylinux_2_28_x86_64.whl
opentelemetry-api==1.44.0 --hash=sha256:94b98c893a91b88657eaac1e3ba89618cdb85be6918196705354f34728b2cdef  # opentelemetry_api-1.44.0-py3-none-any.whl
opentelemetry-exporter-otlp==1.44.0 --hash=sha256:4a498fa8d8fd8be9e8e2d175fe5524a3fe581ccffadd8509db86526a5fb97051  # opentelemetry_exporter_otlp-1.44.0-py3-none-any.whl
opentelemetry-exporter-otlp-proto-common==1.44.0 --hash=sha256:9a9fe61bba73d802904bc989f1d6b4a7b1ee40f06c40e98d6f85af65aaebb694  # opentelemetry_exporter_otlp_proto_common-1.44.0-py3-none-any.whl
opentelemetry-exporter-otlp-proto-grpc==1.44.0 --hash=sha256:6a1a645ea182a2f59440c51fa8301d309f3324a8f9d65f8395584b064b67ee4e  # opentelemetry_exporter_otlp_proto_grpc-1.44.0-py3-none-any.whl
opentelemetry-exporter-otlp-proto-http==1.44.0 --hash=sha256:838592fce774c1c8bb7b9a0a7facbfa82e17be5a8a4e94cef10cb84ae026bae3  # opentelemetry_exporter_otlp_proto_http-1.44.0-py3-none-any.whl
opentelemetry-proto==1.44.0 --hash=sha256:898b155a0e1557afd867478fb6158e8122a46329ca0bb8dc53cc55e98f017f56  # opentelemetry_proto-1.44.0-py3-none-any.whl
opentelemetry-sdk==1.44.0 --hash=sha256:df081c4c6bcfdb1211e3e86140376792643128a25f8d72d1d27675936e7e96ad  # opentelemetry_sdk-1.44.0-py3-none-any.whl
opentelemetry-semantic-conventions==0.65b0 --hash=sha256:1cacde7b0ad306f84c5ef08c3dbe1bbaf20165bba6f8bff43b670e555a086bcb  # opentelemetry_semantic_conventions-0.65b0-py3-none-any.whl
outcome==1.3.0.post0 --hash=sha256:e771c5ce06d1415e356078d3bdd68523f284b4ce5419828922b6871e65eda82b  # outcome-1.3.0.post0-py2.py3-none-any.whl
packaging==26.3 --hash=sha256:d7193f7c8e4e93f444fde0262bf90af30e16fa0ad0ad44cb553c87339b23cd1c  # packaging-26.3-py3-none-any.whl
pathlib_abc==0.5.2 --hash=sha256:4c9d94cf1b23af417ce7c0417b43333b06a106c01000b286c99de230d95eefbb  # pathlib_abc-0.5.2-py3-none-any.whl
pathspec==1.1.1 --hash=sha256:a00ce642f577bf7f473932318056212bc4f8bfdf53128c78bbd5af0b9b20b189  # pathspec-1.1.1-py3-none-any.whl
pendulum==3.2.0 --hash=sha256:3159cceb54f5aa8b85b141c7f0ce3fac8bdd1ffdc7c79e67dca9133eac7c4d11  # pendulum-3.2.0-cp312-cp312-manylinux_2_17_x86_64.manylinux2014_x86_64.whl
pluggy==1.6.0 --hash=sha256:e920276dd6813095e9377c0bc5566d94c932c33b27a3e3945d8389c374dd4746  # pluggy-1.6.0-py3-none-any.whl
protobuf==6.33.6 --hash=sha256:e9db7e292e0ab79dd108d7f1a94fe31601ce1ee3f7b79e0692043423020b0593  # protobuf-6.33.6-cp39-abi3-manylinux2014_x86_64.whl
psutil==7.2.2 --hash=sha256:076a2d2f923fd4821644f5ba89f059523da90dc9014e85f8e45a5774ca5bc6f9  # psutil-7.2.2-cp36-abi3-manylinux2010_x86_64.manylinux_2_12_x86_64.manylinux_2_28_x86_64.whl
psycopg2-binary==2.9.13 --hash=sha256:e3861eba31f8ea8663fd876166b032fd89179e42aa63764d6feb281f13f9eb60  # psycopg2_binary-2.9.13-cp312-cp312-manylinux2014_x86_64.manylinux_2_17_x86_64.whl
pycparser==3.0 --hash=sha256:b727414169a36b7d524c1c3e31839a521725078d7b2ff038656844266160a992  # pycparser-3.0-py3-none-any.whl
pydantic==2.13.5 --hash=sha256:346a034f080da3755d8e9cb5e00e8b07de1d39e4f6e2c87d8ab7cafa0b269a73  # pydantic-2.13.5-py3-none-any.whl
pydantic_core==2.46.5 --hash=sha256:0fc5be0abd4a407e200d844b404e33639a554e7bd0d448e7b9ae181be4789ac2  # pydantic_core-2.46.5-cp312-cp312-manylinux_2_17_x86_64.manylinux2014_x86_64.whl
pydantic-extra-types==2.11.1 --hash=sha256:1722ea2bddae5628ace25f2aa685b69978ef533123e5638cfbddb999e0100ec1  # pydantic_extra_types-2.11.1-py3-none-any.whl
pydantic-settings==2.15.0 --hash=sha256:0ba092c291c94baceb5eff768aa0d56400a457585bc0175925a5a5510303da42  # pydantic_settings-2.15.0-py3-none-any.whl
Pygments==2.21.0 --hash=sha256:2363c69b61c4a97c838da3b130dcd6468f4848992b21a82f2a63ec34377137d9  # pygments-2.21.0-py3-none-any.whl
pygtrie==2.6.1 --hash=sha256:0ad593c596f938f0f468e05c5af174f25a7237b14fae6674843c60d63ae4313c  # pygtrie-2.6.1-py3-none-any.whl
PyJWT==2.14.0 --hash=sha256:ad0cef71c756a56e74863c2919cf0985f72decbcfcb550ee2f422e7c62b5eedc  # pyjwt-2.14.0-py3-none-any.whl
python-daemon==3.1.2 --hash=sha256:b906833cef63502994ad48e2eab213259ed9bb18d54fa8774dcba2ff7864cec6  # python_daemon-3.1.2-py3-none-any.whl
python-dateutil==2.9.0.post0 --hash=sha256:a8b2bc7bffae282281c8140a97d3aa9c14da0b136dfe83f850eea9a5f7470427  # python_dateutil-2.9.0.post0-py2.py3-none-any.whl
python-dotenv==1.2.3 --hash=sha256:904552145e8bfed22162c09dab1c2b9b54fefa7b23ba780f4f26ca0316b0f0d9  # python_dotenv-1.2.3-py3-none-any.whl
python-multipart==0.0.32 --hash=sha256:ff6d3f776f16878c894e52e107296ffc890e913c611b1a4ec6c44e2821fe2e23  # python_multipart-0.0.32-py3-none-any.whl
python-slugify==9.0.0 --hash=sha256:b1180fb0fd6b3590e7fbd8328b08d56cde9dcac736527a070c0a811480621316  # python_slugify-9.0.0-py3-none-any.whl
PyYAML==6.0.3 --hash=sha256:ba1cc08a7ccde2d2ec775841541641e4548226580ab850948cbfda66a1befcdc  # pyyaml-6.0.3-cp312-cp312-manylinux2014_x86_64.manylinux_2_17_x86_64.manylinux_2_28_x86_64.whl
referencing==0.37.0 --hash=sha256:381329a9f99628c9069361716891d34ad94af76e461dcb0335825aecc7692231  # referencing-0.37.0-py3-none-any.whl
requests==2.34.2 --hash=sha256:2a0d60c172f83ac6ab31e4554906c0f3b3588d37b5cb939b1c061f4907e278e0  # requests-2.34.2-py3-none-any.whl
rich==15.0.0 --hash=sha256:33bd4ef74232fb73fe9279a257718407f169c09b78a87ad3d296f548e27de0bb  # rich-15.0.0-py3-none-any.whl
rich-argparse==1.8.0 --hash=sha256:d2a3ce7854654e2253c578763ab0a32f05016f23a55fadba7b9a91b6c0e92142  # rich_argparse-1.8.0-py3-none-any.whl
rich-toolkit==0.20.5 --hash=sha256:e21fd616db9c0539d3c50f3433fb1173db95c19d3cbf215615e224182fad6c18  # rich_toolkit-0.20.5-py3-none-any.whl
rpds-py==2026.6.3 --hash=sha256:ecabd69db66de867690f9797f2f8fa27ba501bbc24540cbdbdc649cd15888ba6  # rpds_py-2026.6.3-cp312-cp312-manylinux_2_17_x86_64.manylinux2014_x86_64.whl
setproctitle==1.3.7 --hash=sha256:2906b6c7959cdb75f46159bf0acd8cc9906cf1361c9e1ded0d065fe8f9039629  # setproctitle-1.3.7-cp312-cp312-manylinux1_x86_64.manylinux_2_28_x86_64.manylinux_2_5_x86_64.whl
shellingham==1.5.4 --hash=sha256:7ecfff8f2fd72616f7481040475a65b2bf8af90a56c89140852d1120324e8686  # shellingham-1.5.4-py2.py3-none-any.whl
six==1.17.0 --hash=sha256:4721f391ed90541fddacab5acf947aa0d3dc7d27b2e1e8eda2be8970586c3274  # six-1.17.0-py2.py3-none-any.whl
sniffio==1.3.1 --hash=sha256:2f6da418d1f1e0fddd844478f41680e794e6051915791a034ff65e5f100525a2  # sniffio-1.3.1-py3-none-any.whl
SQLAlchemy==2.0.52 --hash=sha256:8738008376d22f30f411ea3efecf39b51110b6996d80bb73786f30bcfdd5fd3b  # sqlalchemy-2.0.52-cp312-cp312-manylinux2014_x86_64.manylinux_2_17_x86_64.manylinux_2_28_x86_64.whl
sqlparse==0.6.0 --hash=sha256:b861c0288ce2fa56209a9a6412d2e066ac664b3873b89c26c9d8415e8e32996f  # sqlparse-0.6.0-py3-none-any.whl
starlette==1.6.0 --hash=sha256:a86dd39d14bb45f85a3d18525215a9ef0cfd1f192ac793220e72598c90335f0c  # starlette-1.6.0-py3-none-any.whl
structlog==26.1.0 --hash=sha256:e081a26d6c373e6d201eca24eede26d8ffab07f88f477822e679183428d3d91e  # structlog-26.1.0-py3-none-any.whl
svcs==26.2.0 --hash=sha256:a1f074f345195b961fbf29af07f6ce181f7598813793773db20cf43870949c81  # svcs-26.2.0-py3-none-any.whl
tabulate==0.10.0 --hash=sha256:f0b0622e567335c8fabaaa659f1b33bcb6ddfe2e496071b743aa113f8774f2d3  # tabulate-0.10.0-py3-none-any.whl
tenacity==9.1.4 --hash=sha256:6095a360c919085f28c6527de529e76a06ad89b23659fa881ae0649b867a9d55  # tenacity-9.1.4-py3-none-any.whl
termcolor==3.3.0 --hash=sha256:cf642efadaf0a8ebbbf4bc7a31cec2f9b5f21a9f726f4ccbb08192c9c26f43a5  # termcolor-3.3.0-py3-none-any.whl
text-unidecode==1.3 --hash=sha256:1311f10e8b895935241623731c2ba64f4c455287888b18189350b67134a822e8  # text_unidecode-1.3-py2.py3-none-any.whl
typer==0.27.2 --hash=sha256:b3a5fc4342d5fc8fda8fc3010b1cf117e9249aab7fae800c2eff62fd3842d97d  # typer-0.27.2-py3-none-any.whl
typing_extensions==4.16.0 --hash=sha256:481caa481374e813c1b176ada14e97f1f67a4539ce9cfeb3f350d78d6370c2e8  # typing_extensions-4.16.0-py3-none-any.whl
typing-inspection==0.4.4 --hash=sha256:65b8397ba37ccbce054456aaccddfc91e6e3083c92824df348d96ca832f3f147  # typing_inspection-0.4.4-py3-none-any.whl
tzdata==2026.4 --hash=sha256:c2169a8b0a7a5e9674da5a135ccdfb2b3e671b333ed9fed17b41f73c34476e81  # tzdata-2026.4-py2.py3-none-any.whl
universal_pathlib==0.3.10 --hash=sha256:dfaf2fb35683d2eb1287a3ed7b215e4d6016aa6eaf339c607023d22f90821c66  # universal_pathlib-0.3.10-py3-none-any.whl
urllib3==2.7.0 --hash=sha256:9fb4c81ebbb1ce9531cce37674bbc6f1360472bc18ca9a553ede278ef7276897  # urllib3-2.7.0-py3-none-any.whl
uuid6==2025.0.1 --hash=sha256:80530ce4d02a93cdf82e7122ca0da3ebbbc269790ec1cb902481fa3e9cc9ff99  # uuid6-2025.0.1-py3-none-any.whl
uvicorn==0.52.4 --hash=sha256:f86e41a149d7d05a9969337e3946a9c171c06a5d42680896daaba624aeac8da1  # uvicorn-0.52.4-py3-none-any.whl
uvloop==0.22.1 --hash=sha256:7b5b1ac819a3f946d3b2ee07f09149578ae76066d70b44df3fa990add49a82e4  # uvloop-0.22.1-cp312-cp312-manylinux2014_x86_64.manylinux_2_17_x86_64.manylinux_2_28_x86_64.whl
watchfiles==1.2.0 --hash=sha256:e53a384f76b631c3ae5334ce6a52f0baa3a911eb94a4eac7f160079868b716d5  # watchfiles-1.2.0-cp312-cp312-manylinux_2_17_x86_64.manylinux2014_x86_64.whl
websockets==16.1.1 --hash=sha256:0f62863e8a00a6d33c3d6566ec0b89f23787b747ffe0c3bc71ec0e76b82c94b1  # websockets-16.1.1-cp312-cp312-manylinux1_x86_64.manylinux_2_28_x86_64.manylinux_2_5_x86_64.whl
wirerope==1.0.0 --hash=sha256:59346555c7b5dbd1c683a4e123f8bed30ca99df646f6867ea6439ceabf43c2f6  # wirerope-1.0.0-py2.py3-none-any.whl
wrapt==2.4.1 --hash=sha256:30d11c289b013bf384ff1a1a6553f150d0b855901708a9bef667a5680f8247c9  # wrapt-2.4.1-cp312-cp312-manylinux1_x86_64.manylinux_2_28_x86_64.manylinux_2_5_x86_64.whl
zipp==4.1.0 --hash=sha256:25ad4e16390cd314347dd8f1de67a2ac538ae658ed4ab9db16029c07c188e97f  # zipp-4.1.0-py3-none-any.whl
