# Windows single-machine runtime — Python 3.12 (cp312, win_amd64)
# The public pipeline runs on the same machine that collects CAD, so this set is
# the collection worker (COM boundary, snapshot/io/model) plus the build and
# verification consumer (MuJoCo) needed by `description build/check`.
numpy==2.5.3
PyYAML==6.0.3
jsonschema==4.26.0
pywin32==311
packaging==26.3
mujoco==3.13.0
# transitive closure of the above for the offline wheel set
absl-py==2.5.0
attrs==26.1.0
etils==1.14.0
fsspec==2026.9.0
glfw==2.10.2
jsonschema-specifications==2025.9.1
PyOpenGL==3.1.10
referencing==0.37.0
rpds-py==2026.6.3
typing-extensions==4.16.0
zipp==4.1.0
